// !$*UTF8*$!
{
	archiveVersion = 1;
	classes = {
	};
	objectVersion = 46;
	objects = {

/* Begin PBXBuildFile section */
		5F0FFA87148D31CC0002EB8D /* DIOSComment.m in Sources */ = {isa = PBXBuildFile; fileRef = 5F0FFA76148D31CC0002EB8D /* DIOSComment.m */; };
		5F0FFA88148D31CC0002EB8D /* DIOSConnect.m in Sources */ = {isa = PBXBuildFile; fileRef = 5F0FFA79148D31CC0002EB8D /* DIOSConnect.m */; };
		5F0FFA89148D31CC0002EB8D /* DIOSFile.m in Sources */ = {isa = PBXBuildFile; fileRef = 5F0FFA7B148D31CC0002EB8D /* DIOSFile.m */; };
		5F0FFA8A148D31CC0002EB8D /* DIOSNode.m in Sources */ = {isa = PBXBuildFile; fileRef = 5F0FFA7D148D31CC0002EB8D /* DIOSNode.m */; };
		5F0FFA8B148D31CC0002EB8D /* DIOSTaxonomy.m in Sources */ = {isa = PBXBuildFile; fileRef = 5F0FFA7F148D31CC0002EB8D /* DIOSTaxonomy.m */; };
		5F0FFA8C148D31CC0002EB8D /* DIOSUser.m in Sources */ = {isa = PBXBuildFile; fileRef = 5F0FFA81148D31CC0002EB8D /* DIOSUser.m */; };
		5F0FFA8D148D31CC0002EB8D /* DIOSViews.m in Sources */ = {isa = PBXBuildFile; fileRef = 5F0FFA83148D31CC0002EB8D /* DIOSViews.m */; };
		5F0FFA8E148D31CC0002EB8D /* NSData+Base64.m in Sources */ = {isa = PBXBuildFile; fileRef = 5F0FFA86148D31CC0002EB8D /* NSData+Base64.m */; };
		5F0FFAA3148D51AA0002EB8D /* ASIAuthenticationDialog.m in Sources */ = {isa = PBXBuildFile; fileRef = 5F0FFA90148D51AA0002EB8D /* ASIAuthenticationDialog.m */; };
		5F0FFAA4148D51AA0002EB8D /* ASIDataCompressor.m in Sources */ = {isa = PBXBuildFile; fileRef = 5F0FFA93148D51AA0002EB8D /* ASIDataCompressor.m */; };
		5F0FFAA5148D51AA0002EB8D /* ASIDataDecompressor.m in Sources */ = {isa = PBXBuildFile; fileRef = 5F0FFA95148D51AA0002EB8D /* ASIDataDecompressor.m */; };
		5F0FFAA6148D51AA0002EB8D /* ASIDownloadCache.m in Sources */ = {isa = PBXBuildFile; fileRef = 5F0FFA97148D51AA0002EB8D /* ASIDownloadCache.m */; };
		5F0FFAA8148D51AA0002EB8D /* ASIHTTPRequest.m in Sources */ = {isa = PBXBuildFile; fileRef = 5F0FFA9B148D51AA0002EB8D /* ASIHTTPRequest.m */; };
		5F0FFAA9148D51AA0002EB8D /* ASIInputStream.m in Sources */ = {isa = PBXBuildFile; fileRef = 5F0FFA9F148D51AA0002EB8D /* ASIInputStream.m */; };
		5F0FFAAA148D51AA0002EB8D /* ASINetworkQueue.m in Sources */ = {isa = PBXBuildFile; fileRef = 5F0FFAA1148D51AA0002EB8D /* ASINetworkQueue.m */; };
		5F0FFAB9148D60110002EB8D /* Reachability.m in Sources */ = {isa = PBXBuildFile; fileRef = 5F0FFAB8148D60110002EB8D /* Reachability.m */; };
		5F1A5BB2148C671100DEC0A2 /* CFNetwork.framework in Frameworks */ = {isa = PBXBuildFile; fileRef = 5F1A5BB1148C671100DEC0A2 /* CFNetwork.framework */; };
		5F1A5BB6148C673F00DEC0A2 /* libz.1.2.5.dylib in Frameworks */ = {isa = PBXBuildFile; fileRef = 5F1A5BB3148C673F00DEC0A2 /* libz.1.2.5.dylib */; };
		5F1A5BB7148C673F00DEC0A2 /* MobileCoreServices.framework in Frameworks */ = {isa = PBXBuildFile; fileRef = 5F1A5BB4148C673F00DEC0A2 /* MobileCoreServices.framework */; };
		5F1A5BB8148C673F00DEC0A2 /* SystemConfiguration.framework in Frameworks */ = {isa = PBXBuildFile; fileRef = 5F1A5BB5148C673F00DEC0A2 /* SystemConfiguration.framework */; };
		5F526AB2148955A900AD6704 /* libzbar.a in Frameworks */ = {isa = PBXBuildFile; fileRef = 5F526AAC148955A900AD6704 /* libzbar.a */; };
		5F526AB3148955A900AD6704 /* zbar-back.png in Resources */ = {isa = PBXBuildFile; fileRef = 5F526AAE148955A900AD6704 /* zbar-back.png */; };
		5F526AB4148955A900AD6704 /* zbar-help.html in Resources */ = {isa = PBXBuildFile; fileRef = 5F526AAF148955A900AD6704 /* zbar-help.html */; };
		5F526AB5148955A900AD6704 /* zbar-helpicons.png in Resources */ = {isa = PBXBuildFile; fileRef = 5F526AB0148955A900AD6704 /* zbar-helpicons.png */; };
		5F526AB6148955A900AD6704 /* zbar-samples.png in Resources */ = {isa = PBXBuildFile; fileRef = 5F526AB1148955A900AD6704 /* zbar-samples.png */; };
		5F526ABD1489567800AD6704 /* AVFoundation.framework in Frameworks */ = {isa = PBXBuildFile; fileRef = 5F526AB81489567800AD6704 /* AVFoundation.framework */; };
		5F526ABE1489567800AD6704 /* CoreMedia.framework in Frameworks */ = {isa = PBXBuildFile; fileRef = 5F526AB91489567800AD6704 /* CoreMedia.framework */; };
		5F526ABF1489567800AD6704 /* CoreVideo.framework in Frameworks */ = {isa = PBXBuildFile; fileRef = 5F526ABA1489567800AD6704 /* CoreVideo.framework */; };
		5F526AC01489567800AD6704 /* libiconv.dylib in Frameworks */ = {isa = PBXBuildFile; fileRef = 5F526ABB1489567800AD6704 /* libiconv.dylib */; };
		5F526AC11489567800AD6704 /* QuartzCore.framework in Frameworks */ = {isa = PBXBuildFile; fileRef = 5F526ABC1489567800AD6704 /* QuartzCore.framework */; };
		5F5A49091489436D00C02270 /* UIKit.framework in Frameworks */ = {isa = PBXBuildFile; fileRef = 5F5A49081489436D00C02270 /* UIKit.framework */; };
		5F5A490B1489436D00C02270 /* Foundation.framework in Frameworks */ = {isa = PBXBuildFile; fileRef = 5F5A490A1489436D00C02270 /* Foundation.framework */; };
		5F5A490D1489436D00C02270 /* CoreGraphics.framework in Frameworks */ = {isa = PBXBuildFile; fileRef = 5F5A490C1489436D00C02270 /* CoreGraphics.framework */; };
		5F5A49131489436D00C02270 /* InfoPlist.strings in Resources */ = {isa = PBXBuildFile; fileRef = 5F5A49111489436D00C02270 /* InfoPlist.strings */; };
		5F5A49151489436D00C02270 /* main.m in Sources */ = {isa = PBXBuildFile; fileRef = 5F5A49141489436D00C02270 /* main.m */; };
		5F5A49191489436D00C02270 /* AppDelegate.m in Sources */ = {isa = PBXBuildFile; fileRef = 5F5A49181489436D00C02270 /* AppDelegate.m */; };
		5F5A491C1489436D00C02270 /* MainStoryboard.storyboard in Resources */ = {isa = PBXBuildFile; fileRef = 5F5A491A1489436D00C02270 /* MainStoryboard.storyboard */; };
		5F5A491F1489436D00C02270 /* ScanViewController.m in Sources */ = {isa = PBXBuildFile; fileRef = 5F5A491E1489436D00C02270 /* ScanViewController.m */; };
/* End PBXBuildFile section */

/* Begin PBXFileReference section */
		5F0FFA75148D31CC0002EB8D /* DIOSComment.h */ = {isa = PBXFileReference; fileEncoding = 4; lastKnownFileType = sourcecode.c.h; path = DIOSComment.h; sourceTree = "<group>"; };
		5F0FFA76148D31CC0002EB8D /* DIOSComment.m */ = {isa = PBXFileReference; fileEncoding = 4; lastKnownFileType = sourcecode.c.objc; path = DIOSComment.m; sourceTree = "<group>"; };
		5F0FFA77148D31CC0002EB8D /* DIOSConfig.h */ = {isa = PBXFileReference; fileEncoding = 4; lastKnownFileType = sourcecode.c.h; path = DIOSConfig.h; sourceTree = "<group>"; };
		5F0FFA78148D31CC0002EB8D /* DIOSConnect.h */ = {isa = PBXFileReference; fileEncoding = 4; lastKnownFileType = sourcecode.c.h; path = DIOSConnect.h; sourceTree = "<group>"; };
		5F0FFA79148D31CC0002EB8D /* DIOSConnect.m */ = {isa = PBXFileReference; fileEncoding = 4; lastKnownFileType = sourcecode.c.objc; path = DIOSConnect.m; sourceTree = "<group>"; };
		5F0FFA7A148D31CC0002EB8D /* DIOSFile.h */ = {isa = PBXFileReference; fileEncoding = 4; lastKnownFileType = sourcecode.c.h; path = DIOSFile.h; sourceTree = "<group>"; };
		5F0FFA7B148D31CC0002EB8D /* DIOSFile.m */ = {isa = PBXFileReference; fileEncoding = 4; lastKnownFileType = sourcecode.c.objc; path = DIOSFile.m; sourceTree = "<group>"; };
		5F0FFA7C148D31CC0002EB8D /* DIOSNode.h */ = {isa = PBXFileReference; fileEncoding = 4; lastKnownFileType = sourcecode.c.h; path = DIOSNode.h; sourceTree = "<group>"; };
		5F0FFA7D148D31CC0002EB8D /* DIOSNode.m */ = {isa = PBXFileReference; fileEncoding = 4; lastKnownFileType = sourcecode.c.objc; path = DIOSNode.m; sourceTree = "<group>"; };
		5F0FFA7E148D31CC0002EB8D /* DIOSTaxonomy.h */ = {isa = PBXFileReference; fileEncoding = 4; lastKnownFileType = sourcecode.c.h; path = DIOSTaxonomy.h; sourceTree = "<group>"; };
		5F0FFA7F148D31CC0002EB8D /* DIOSTaxonomy.m */ = {isa = PBXFileReference; fileEncoding = 4; lastKnownFileType = sourcecode.c.objc; path = DIOSTaxonomy.m; sourceTree = "<group>"; };
		5F0FFA80148D31CC0002EB8D /* DIOSUser.h */ = {isa = PBXFileReference; fileEncoding = 4; lastKnownFileType = sourcecode.c.h; path = DIOSUser.h; sourceTree = "<group>"; };
		5F0FFA81148D31CC0002EB8D /* DIOSUser.m */ = {isa = PBXFileReference; fileEncoding = 4; lastKnownFileType = sourcecode.c.objc; path = DIOSUser.m; sourceTree = "<group>"; };
		5F0FFA82148D31CC0002EB8D /* DIOSViews.h */ = {isa = PBXFileReference; fileEncoding = 4; lastKnownFileType = sourcecode.c.h; path = DIOSViews.h; sourceTree = "<group>"; };
		5F0FFA83148D31CC0002EB8D /* DIOSViews.m */ = {isa = PBXFileReference; fileEncoding = 4; lastKnownFileType = sourcecode.c.objc; path = DIOSViews.m; sourceTree = "<group>"; };
		5F0FFA85148D31CC0002EB8D /* NSData+Base64.h */ = {isa = PBXFileReference; fileEncoding = 4; lastKnownFileType = sourcecode.c.h; path = "NSData+Base64.h"; sourceTree = "<group>"; };
		5F0FFA86148D31CC0002EB8D /* NSData+Base64.m */ = {isa = PBXFileReference; fileEncoding = 4; lastKnownFileType = sourcecode.c.objc; path = "NSData+Base64.m"; sourceTree = "<group>"; };
		5F0FFA8F148D51AA0002EB8D /* ASIAuthenticationDialog.h */ = {isa = PBXFileReference; fileEncoding = 4; lastKnownFileType = sourcecode.c.h; path = ASIAuthenticationDialog.h; sourceTree = "<group>"; };
		5F0FFA90148D51AA0002EB8D /* ASIAuthenticationDialog.m */ = {isa = PBXFileReference; fileEncoding = 4; lastKnownFileType = sourcecode.c.objc; path = ASIAuthenticationDialog.m; sourceTree = "<group>"; };
		5F0FFA91148D51AA0002EB8D /* ASICacheDelegate.h */ = {isa = PBXFileReference; fileEncoding = 4; lastKnownFileType = sourcecode.c.h; path = ASICacheDelegate.h; sourceTree = "<group>"; };
		5F0FFA92148D51AA0002EB8D /* ASIDataCompressor.h */ = {isa = PBXFileReference; fileEncoding = 4; lastKnownFileType = sourcecode.c.h; path = ASIDataCompressor.h; sourceTree = "<group>"; };
		5F0FFA93148D51AA0002EB8D /* ASIDataCompressor.m */ = {isa = PBXFileReference; fileEncoding = 4; lastKnownFileType = sourcecode.c.objc; path = ASIDataCompressor.m; sourceTree = "<group>"; };
		5F0FFA94148D51AA0002EB8D /* ASIDataDecompressor.h */ = {isa = PBXFileReference; fileEncoding = 4; lastKnownFileType = sourcecode.c.h; path = ASIDataDecompressor.h; sourceTree = "<group>"; };
		5F0FFA95148D51AA0002EB8D /* ASIDataDecompressor.m */ = {isa = PBXFileReference; fileEncoding = 4; lastKnownFileType = sourcecode.c.objc; path = ASIDataDecompressor.m; sourceTree = "<group>"; };
		5F0FFA96148D51AA0002EB8D /* ASIDownloadCache.h */ = {isa = PBXFileReference; fileEncoding = 4; lastKnownFileType = sourcecode.c.h; path = ASIDownloadCache.h; sourceTree = "<group>"; };
		5F0FFA97148D51AA0002EB8D /* ASIDownloadCache.m */ = {isa = PBXFileReference; fileEncoding = 4; lastKnownFileType = sourcecode.c.objc; path = ASIDownloadCache.m; sourceTree = "<group>"; };
		5F0FFA9A148D51AA0002EB8D /* ASIHTTPRequest.h */ = {isa = PBXFileReference; fileEncoding = 4; lastKnownFileType = sourcecode.c.h; path = ASIHTTPRequest.h; sourceTree = "<group>"; };
		5F0FFA9B148D51AA0002EB8D /* ASIHTTPRequest.m */ = {isa = PBXFileReference; fileEncoding = 4; lastKnownFileType = sourcecode.c.objc; path = ASIHTTPRequest.m; sourceTree = "<group>"; };
		5F0FFA9C148D51AA0002EB8D /* ASIHTTPRequestConfig.h */ = {isa = PBXFileReference; fileEncoding = 4; lastKnownFileType = sourcecode.c.h; path = ASIHTTPRequestConfig.h; sourceTree = "<group>"; };
		5F0FFA9D148D51AA0002EB8D /* ASIHTTPRequestDelegate.h */ = {isa = PBXFileReference; fileEncoding = 4; lastKnownFileType = sourcecode.c.h; path = ASIHTTPRequestDelegate.h; sourceTree = "<group>"; };
		5F0FFA9E148D51AA0002EB8D /* ASIInputStream.h */ = {isa = PBXFileReference; fileEncoding = 4; lastKnownFileType = sourcecode.c.h; path = ASIInputStream.h; sourceTree = "<group>"; };
		5F0FFA9F148D51AA0002EB8D /* ASIInputStream.m */ = {isa = PBXFileReference; fileEncoding = 4; lastKnownFileType = sourcecode.c.objc; path = ASIInputStream.m; sourceTree = "<group>"; };
		5F0FFAA0148D51AA0002EB8D /* ASINetworkQueue.h */ = {isa = PBXFileReference; fileEncoding = 4; lastKnownFileType = sourcecode.c.h; path = ASINetworkQueue.h; sourceTree = "<group>"; };
		5F0FFAA1148D51AA0002EB8D /* ASINetworkQueue.m */ = {isa = PBXFileReference; fileEncoding = 4; lastKnownFileType = sourcecode.c.objc; path = ASINetworkQueue.m; sourceTree = "<group>"; };
		5F0FFAA2148D51AA0002EB8D /* ASIProgressDelegate.h */ = {isa = PBXFileReference; fileEncoding = 4; lastKnownFileType = sourcecode.c.h; path = ASIProgressDelegate.h; sourceTree = "<group>"; };
		5F0FFAB7148D60110002EB8D /* Reachability.h */ = {isa = PBXFileReference; fileEncoding = 4; lastKnownFileType = sourcecode.c.h; path = Reachability.h; sourceTree = "<group>"; };
		5F0FFAB8148D60110002EB8D /* Reachability.m */ = {isa = PBXFileReference; fileEncoding = 4; lastKnownFileType = sourcecode.c.objc; path = Reachability.m; sourceTree = "<group>"; };
		5F1A5BB1148C671100DEC0A2 /* CFNetwork.framework */ = {isa = PBXFileReference; lastKnownFileType = wrapper.framework; name = CFNetwork.framework; path = System/Library/Frameworks/CFNetwork.framework; sourceTree = SDKROOT; };
		5F1A5BB3148C673F00DEC0A2 /* libz.1.2.5.dylib */ = {isa = PBXFileReference; lastKnownFileType = "compiled.mach-o.dylib"; name = libz.1.2.5.dylib; path = usr/lib/libz.1.2.5.dylib; sourceTree = SDKROOT; };
		5F1A5BB4148C673F00DEC0A2 /* MobileCoreServices.framework */ = {isa = PBXFileReference; lastKnownFileType = wrapper.framework; name = MobileCoreServices.framework; path = System/Library/Frameworks/MobileCoreServices.framework; sourceTree = SDKROOT; };
		5F1A5BB5148C673F00DEC0A2 /* SystemConfiguration.framework */ = {isa = PBXFileReference; lastKnownFileType = wrapper.framework; name = SystemConfiguration.framework; path = System/Library/Frameworks/SystemConfiguration.framework; sourceTree = SDKROOT; };
		5F526A98148955A900AD6704 /* Decoder.h */ = {isa = PBXFileReference; fileEncoding = 4; lastKnownFileType = sourcecode.c.h; path = Decoder.h; sourceTree = "<group>"; };
		5F526A99148955A900AD6704 /* Exception.h */ = {isa = PBXFileReference; fileEncoding = 4; lastKnownFileType = sourcecode.c.h; path = Exception.h; sourceTree = "<group>"; };
		5F526A9A148955A900AD6704 /* Image.h */ = {isa = PBXFileReference; fileEncoding = 4; lastKnownFileType = sourcecode.c.h; path = Image.h; sourceTree = "<group>"; };
		5F526A9B148955A900AD6704 /* ImageScanner.h */ = {isa = PBXFileReference; fileEncoding = 4; lastKnownFileType = sourcecode.c.h; path = ImageScanner.h; sourceTree = "<group>"; };
		5F526A9C148955A900AD6704 /* Processor.h */ = {isa = PBXFileReference; fileEncoding = 4; lastKnownFileType = sourcecode.c.h; path = Processor.h; sourceTree = "<group>"; };
		5F526A9D148955A900AD6704 /* Scanner.h */ = {isa = PBXFileReference; fileEncoding = 4; lastKnownFileType = sourcecode.c.h; path = Scanner.h; sourceTree = "<group>"; };
		5F526A9E148955A900AD6704 /* Symbol.h */ = {isa = PBXFileReference; fileEncoding = 4; lastKnownFileType = sourcecode.c.h; path = Symbol.h; sourceTree = "<group>"; };
		5F526A9F148955A900AD6704 /* Video.h */ = {isa = PBXFileReference; fileEncoding = 4; lastKnownFileType = sourcecode.c.h; path = Video.h; sourceTree = "<group>"; };
		5F526AA0148955A900AD6704 /* Window.h */ = {isa = PBXFileReference; fileEncoding = 4; lastKnownFileType = sourcecode.c.h; path = Window.h; sourceTree = "<group>"; };
		5F526AA1148955A900AD6704 /* zbar.h */ = {isa = PBXFileReference; fileEncoding = 4; lastKnownFileType = sourcecode.c.h; path = zbar.h; sourceTree = "<group>"; };
		5F526AA2148955A900AD6704 /* ZBarCameraSimulator.h */ = {isa = PBXFileReference; fileEncoding = 4; lastKnownFileType = sourcecode.c.h; path = ZBarCameraSimulator.h; sourceTree = "<group>"; };
		5F526AA3148955A900AD6704 /* ZBarCaptureReader.h */ = {isa = PBXFileReference; fileEncoding = 4; lastKnownFileType = sourcecode.c.h; path = ZBarCaptureReader.h; sourceTree = "<group>"; };
		5F526AA4148955A900AD6704 /* ZBarHelpController.h */ = {isa = PBXFileReference; fileEncoding = 4; lastKnownFileType = sourcecode.c.h; path = ZBarHelpController.h; sourceTree = "<group>"; };
		5F526AA5148955A900AD6704 /* ZBarImage.h */ = {isa = PBXFileReference; fileEncoding = 4; lastKnownFileType = sourcecode.c.h; path = ZBarImage.h; sourceTree = "<group>"; };
		5F526AA6148955A900AD6704 /* ZBarImageScanner.h */ = {isa = PBXFileReference; fileEncoding = 4; lastKnownFileType = sourcecode.c.h; path = ZBarImageScanner.h; sourceTree = "<group>"; };
		5F526AA7148955A900AD6704 /* ZBarReaderController.h */ = {isa = PBXFileReference; fileEncoding = 4; lastKnownFileType = sourcecode.c.h; path = ZBarReaderController.h; sourceTree = "<group>"; };
		5F526AA8148955A900AD6704 /* ZBarReaderView.h */ = {isa = PBXFileReference; fileEncoding = 4; lastKnownFileType = sourcecode.c.h; path = ZBarReaderView.h; sourceTree = "<group>"; };
		5F526AA9148955A900AD6704 /* ZBarReaderViewController.h */ = {isa = PBXFileReference; fileEncoding = 4; lastKnownFileType = sourcecode.c.h; path = ZBarReaderViewController.h; sourceTree = "<group>"; };
		5F526AAA148955A900AD6704 /* ZBarSDK.h */ = {isa = PBXFileReference; fileEncoding = 4; lastKnownFileType = sourcecode.c.h; path = ZBarSDK.h; sourceTree = "<group>"; };
		5F526AAB148955A900AD6704 /* ZBarSymbol.h */ = {isa = PBXFileReference; fileEncoding = 4; lastKnownFileType = sourcecode.c.h; path = ZBarSymbol.h; sourceTree = "<group>"; };
		5F526AAC148955A900AD6704 /* libzbar.a */ = {isa = PBXFileReference; lastKnownFileType = archive.ar; path = libzbar.a; sourceTree = "<group>"; };
		5F526AAE148955A900AD6704 /* zbar-back.png */ = {isa = PBXFileReference; lastKnownFileType = image.png; path = "zbar-back.png"; sourceTree = "<group>"; };
		5F526AAF148955A900AD6704 /* zbar-help.html */ = {isa = PBXFileReference; fileEncoding = 4; lastKnownFileType = text.html; path = "zbar-help.html"; sourceTree = "<group>"; };
		5F526AB0148955A900AD6704 /* zbar-helpicons.png */ = {isa = PBXFileReference; lastKnownFileType = image.png; path = "zbar-helpicons.png"; sourceTree = "<group>"; };
		5F526AB1148955A900AD6704 /* zbar-samples.png */ = {isa = PBXFileReference; lastKnownFileType = image.png; path = "zbar-samples.png"; sourceTree = "<group>"; };
		5F526AB81489567800AD6704 /* AVFoundation.framework */ = {isa = PBXFileReference; lastKnownFileType = wrapper.framework; name = AVFoundation.framework; path = System/Library/Frameworks/AVFoundation.framework; sourceTree = SDKROOT; };
		5F526AB91489567800AD6704 /* CoreMedia.framework */ = {isa = PBXFileReference; lastKnownFileType = wrapper.framework; name = CoreMedia.framework; path = System/Library/Frameworks/CoreMedia.framework; sourceTree = SDKROOT; };
		5F526ABA1489567800AD6704 /* CoreVideo.framework */ = {isa = PBXFileReference; lastKnownFileType = wrapper.framework; name = CoreVideo.framework; path = System/Library/Frameworks/CoreVideo.framework; sourceTree = SDKROOT; };
		5F526ABB1489567800AD6704 /* libiconv.dylib */ = {isa = PBXFileReference; lastKnownFileType = "compiled.mach-o.dylib"; name = libiconv.dylib; path = usr/lib/libiconv.dylib; sourceTree = SDKROOT; };
		5F526ABC1489567800AD6704 /* QuartzCore.framework */ = {isa = PBXFileReference; lastKnownFileType = wrapper.framework; name = QuartzCore.framework; path = System/Library/Frameworks/QuartzCore.framework; sourceTree = SDKROOT; };
		5F5A49041489436D00C02270 /* kpreader.app */ = {isa = PBXFileReference; explicitFileType = wrapper.application; includeInIndex = 0; path = kpreader.app; sourceTree = BUILT_PRODUCTS_DIR; };
		5F5A49081489436D00C02270 /* UIKit.framework */ = {isa = PBXFileReference; lastKnownFileType = wrapper.framework; name = UIKit.framework; path = System/Library/Frameworks/UIKit.framework; sourceTree = SDKROOT; };
		5F5A490A1489436D00C02270 /* Foundation.framework */ = {isa = PBXFileReference; lastKnownFileType = wrapper.framework; name = Foundation.framework; path = System/Library/Frameworks/Foundation.framework; sourceTree = SDKROOT; };
		5F5A490C1489436D00C02270 /* CoreGraphics.framework */ = {isa = PBXFileReference; lastKnownFileType = wrapper.framework; name = CoreGraphics.framework; path = System/Library/Frameworks/CoreGraphics.framework; sourceTree = SDKROOT; };
		5F5A49101489436D00C02270 /* kpreader-Info.plist */ = {isa = PBXFileReference; lastKnownFileType = text.plist.xml; path = "kpreader-Info.plist"; sourceTree = "<group>"; };
		5F5A49121489436D00C02270 /* en */ = {isa = PBXFileReference; lastKnownFileType = text.plist.strings; name = en; path = en.lproj/InfoPlist.strings; sourceTree = "<group>"; };
		5F5A49141489436D00C02270 /* main.m */ = {isa = PBXFileReference; lastKnownFileType = sourcecode.c.objc; path = main.m; sourceTree = "<group>"; };
		5F5A49161489436D00C02270 /* kpreader-Prefix.pch */ = {isa = PBXFileReference; lastKnownFileType = sourcecode.c.h; path = "kpreader-Prefix.pch"; sourceTree = "<group>"; };
		5F5A49171489436D00C02270 /* AppDelegate.h */ = {isa = PBXFileReference; lastKnownFileType = sourcecode.c.h; path = AppDelegate.h; sourceTree = "<group>"; };
		5F5A49181489436D00C02270 /* AppDelegate.m */ = {isa = PBXFileReference; lastKnownFileType = sourcecode.c.objc; path = AppDelegate.m; sourceTree = "<group>"; };
		5F5A491B1489436D00C02270 /* en */ = {isa = PBXFileReference; lastKnownFileType = file.storyboard; name = en; path = en.lproj/MainStoryboard.storyboard; sourceTree = "<group>"; };
		5F5A491D1489436D00C02270 /* ScanViewController.h */ = {isa = PBXFileReference; lastKnownFileType = sourcecode.c.h; path = ScanViewController.h; sourceTree = "<group>"; };
		5F5A491E1489436D00C02270 /* ScanViewController.m */ = {isa = PBXFileReference; lastKnownFileType = sourcecode.c.objc; path = ScanViewController.m; sourceTree = "<group>"; };
		5F5A49261489436D00C02270 /* SenTestingKit.framework */ = {isa = PBXFileReference; lastKnownFileType = wrapper.framework; name = SenTestingKit.framework; path = Library/Frameworks/SenTestingKit.framework; sourceTree = DEVELOPER_DIR; };
		5FBD8818148B3655001A68DC /* kpreader.entitlements */ = {isa = PBXFileReference; lastKnownFileType = text.xml; path = kpreader.entitlements; sourceTree = "<group>"; };
/* End PBXFileReference section */

/* Begin PBXFrameworksBuildPhase section */
		5F5A49011489436D00C02270 /* Frameworks */ = {
			isa = PBXFrameworksBuildPhase;
			buildActionMask = 2147483647;
			files = (
				5F1A5BB6148C673F00DEC0A2 /* libz.1.2.5.dylib in Frameworks */,
				5F1A5BB7148C673F00DEC0A2 /* MobileCoreServices.framework in Frameworks */,
				5F1A5BB8148C673F00DEC0A2 /* SystemConfiguration.framework in Frameworks */,
				5F1A5BB2148C671100DEC0A2 /* CFNetwork.framework in Frameworks */,
				5F526ABD1489567800AD6704 /* AVFoundation.framework in Frameworks */,
				5F526ABE1489567800AD6704 /* CoreMedia.framework in Frameworks */,
				5F526ABF1489567800AD6704 /* CoreVideo.framework in Frameworks */,
				5F526AC01489567800AD6704 /* libiconv.dylib in Frameworks */,
				5F526AC11489567800AD6704 /* QuartzCore.framework in Frameworks */,
				5F5A49091489436D00C02270 /* UIKit.framework in Frameworks */,
				5F5A490B1489436D00C02270 /* Foundation.framework in Frameworks */,
				5F5A490D1489436D00C02270 /* CoreGraphics.framework in Frameworks */,
				5F526AB2148955A900AD6704 /* libzbar.a in Frameworks */,
			);
			runOnlyForDeploymentPostprocessing = 0;
		};
/* End PBXFrameworksBuildPhase section */

/* Begin PBXGroup section */
		5F0FFA84148D31CC0002EB8D /* NSData_Base64 */ = {
			isa = PBXGroup;
			children = (
				5F0FFA85148D31CC0002EB8D /* NSData+Base64.h */,
				5F0FFA86148D31CC0002EB8D /* NSData+Base64.m */,
			);
			path = NSData_Base64;
			sourceTree = "<group>";
		};
		5F526A94148955A900AD6704 /* ZBarSDK */ = {
			isa = PBXGroup;
			children = (
				5F526A95148955A900AD6704 /* Headers */,
				5F526AAC148955A900AD6704 /* libzbar.a */,
				5F526AAD148955A900AD6704 /* Resources */,
			);
			path = ZBarSDK;
			sourceTree = "<group>";
		};
		5F526A95148955A900AD6704 /* Headers */ = {
			isa = PBXGroup;
			children = (
				5F526A96148955A900AD6704 /* ZBarSDK */,
			);
			path = Headers;
			sourceTree = "<group>";
		};
		5F526A96148955A900AD6704 /* ZBarSDK */ = {
			isa = PBXGroup;
			children = (
				5F526A97148955A900AD6704 /* zbar */,
				5F526AA1148955A900AD6704 /* zbar.h */,
				5F526AA2148955A900AD6704 /* ZBarCameraSimulator.h */,
				5F526AA3148955A900AD6704 /* ZBarCaptureReader.h */,
				5F526AA4148955A900AD6704 /* ZBarHelpController.h */,
				5F526AA5148955A900AD6704 /* ZBarImage.h */,
				5F526AA6148955A900AD6704 /* ZBarImageScanner.h */,
				5F526AA7148955A900AD6704 /* ZBarReaderController.h */,
				5F526AA8148955A900AD6704 /* ZBarReaderView.h */,
				5F526AA9148955A900AD6704 /* ZBarReaderViewController.h */,
				5F526AAA148955A900AD6704 /* ZBarSDK.h */,
				5F526AAB148955A900AD6704 /* ZBarSymbol.h */,
			);
			path = ZBarSDK;
			sourceTree = "<group>";
		};
		5F526A97148955A900AD6704 /* zbar */ = {
			isa = PBXGroup;
			children = (
				5F526A98148955A900AD6704 /* Decoder.h */,
				5F526A99148955A900AD6704 /* Exception.h */,
				5F526A9A148955A900AD6704 /* Image.h */,
				5F526A9B148955A900AD6704 /* ImageScanner.h */,
				5F526A9C148955A900AD6704 /* Processor.h */,
				5F526A9D148955A900AD6704 /* Scanner.h */,
				5F526A9E148955A900AD6704 /* Symbol.h */,
				5F526A9F148955A900AD6704 /* Video.h */,
				5F526AA0148955A900AD6704 /* Window.h */,
			);
			path = zbar;
			sourceTree = "<group>";
		};
		5F526AAD148955A900AD6704 /* Resources */ = {
			isa = PBXGroup;
			children = (
				5F526AAE148955A900AD6704 /* zbar-back.png */,
				5F526AAF148955A900AD6704 /* zbar-help.html */,
				5F526AB0148955A900AD6704 /* zbar-helpicons.png */,
				5F526AB1148955A900AD6704 /* zbar-samples.png */,
			);
			path = Resources;
			sourceTree = "<group>";
		};
		5F5A48F91489436D00C02270 = {
			isa = PBXGroup;
			children = (
				5F1A5BB3148C673F00DEC0A2 /* libz.1.2.5.dylib */,
				5F1A5BB4148C673F00DEC0A2 /* MobileCoreServices.framework */,
				5F1A5BB5148C673F00DEC0A2 /* SystemConfiguration.framework */,
				5F1A5BB1148C671100DEC0A2 /* CFNetwork.framework */,
				5F526AB81489567800AD6704 /* AVFoundation.framework */,
				5F526AB91489567800AD6704 /* CoreMedia.framework */,
				5F526ABA1489567800AD6704 /* CoreVideo.framework */,
				5F526ABB1489567800AD6704 /* libiconv.dylib */,
				5F526ABC1489567800AD6704 /* QuartzCore.framework */,
				5F526A94148955A900AD6704 /* ZBarSDK */,
				5F5A490E1489436D00C02270 /* kpreader */,
				5F5A49071489436D00C02270 /* Frameworks */,
				5F5A49051489436D00C02270 /* Products */,
			);
			sourceTree = "<group>";
		};
		5F5A49051489436D00C02270 /* Products */ = {
			isa = PBXGroup;
			children = (
				5F5A49041489436D00C02270 /* kpreader.app */,
			);
			name = Products;
			sourceTree = "<group>";
		};
		5F5A49071489436D00C02270 /* Frameworks */ = {
			isa = PBXGroup;
			children = (
				5F5A49081489436D00C02270 /* UIKit.framework */,
				5F5A490A1489436D00C02270 /* Foundation.framework */,
				5F5A490C1489436D00C02270 /* CoreGraphics.framework */,
				5F5A49261489436D00C02270 /* SenTestingKit.framework */,
			);
			name = Frameworks;
			sourceTree = "<group>";
		};
		5F5A490E1489436D00C02270 /* kpreader */ = {
			isa = PBXGroup;
			children = (
				5F0FFAB7148D60110002EB8D /* Reachability.h */,
				5F0FFAB8148D60110002EB8D /* Reachability.m */,
				5F0FFA8F148D51AA0002EB8D /* ASIAuthenticationDialog.h */,
				5F0FFA90148D51AA0002EB8D /* ASIAuthenticationDialog.m */,
				5F0FFA91148D51AA0002EB8D /* ASICacheDelegate.h */,
				5F0FFA92148D51AA0002EB8D /* ASIDataCompressor.h */,
				5F0FFA93148D51AA0002EB8D /* ASIDataCompressor.m */,
				5F0FFA94148D51AA0002EB8D /* ASIDataDecompressor.h */,
				5F0FFA95148D51AA0002EB8D /* ASIDataDecompressor.m */,
				5F0FFA96148D51AA0002EB8D /* ASIDownloadCache.h */,
				5F0FFA97148D51AA0002EB8D /* ASIDownloadCache.m */,
				5F0FFA9A148D51AA0002EB8D /* ASIHTTPRequest.h */,
				5F0FFA9B148D51AA0002EB8D /* ASIHTTPRequest.m */,
				5F0FFA9C148D51AA0002EB8D /* ASIHTTPRequestConfig.h */,
				5F0FFA9D148D51AA0002EB8D /* ASIHTTPRequestDelegate.h */,
				5F0FFA9E148D51AA0002EB8D /* ASIInputStream.h */,
				5F0FFA9F148D51AA0002EB8D /* ASIInputStream.m */,
				5F0FFAA0148D51AA0002EB8D /* ASINetworkQueue.h */,
				5F0FFAA1148D51AA0002EB8D /* ASINetworkQueue.m */,
				5F0FFAA2148D51AA0002EB8D /* ASIProgressDelegate.h */,
				5F0FFA75148D31CC0002EB8D /* DIOSComment.h */,
				5F0FFA76148D31CC0002EB8D /* DIOSComment.m */,
				5F0FFA77148D31CC0002EB8D /* DIOSConfig.h */,
				5F0FFA78148D31CC0002EB8D /* DIOSConnect.h */,
				5F0FFA79148D31CC0002EB8D /* DIOSConnect.m */,
				5F0FFA7A148D31CC0002EB8D /* DIOSFile.h */,
				5F0FFA7B148D31CC0002EB8D /* DIOSFile.m */,
				5F0FFA7C148D31CC0002EB8D /* DIOSNode.h */,
				5F0FFA7D148D31CC0002EB8D /* DIOSNode.m */,
				5F0FFA7E148D31CC0002EB8D /* DIOSTaxonomy.h */,
				5F0FFA7F148D31CC0002EB8D /* DIOSTaxonomy.m */,
				5F0FFA80148D31CC0002EB8D /* DIOSUser.h */,
				5F0FFA81148D31CC0002EB8D /* DIOSUser.m */,
				5F0FFA82148D31CC0002EB8D /* DIOSViews.h */,
				5F0FFA83148D31CC0002EB8D /* DIOSViews.m */,
				5F0FFA84148D31CC0002EB8D /* NSData_Base64 */,
				5FBD8818148B3655001A68DC /* kpreader.entitlements */,
				5F5A49171489436D00C02270 /* AppDelegate.h */,
				5F5A49181489436D00C02270 /* AppDelegate.m */,
				5F5A491A1489436D00C02270 /* MainStoryboard.storyboard */,
				5F5A491D1489436D00C02270 /* ScanViewController.h */,
				5F5A491E1489436D00C02270 /* ScanViewController.m */,
				5F5A490F1489436D00C02270 /* Supporting Files */,
			);
			path = kpreader;
			sourceTree = "<group>";
		};
		5F5A490F1489436D00C02270 /* Supporting Files */ = {
			isa = PBXGroup;
			children = (
				5F5A49101489436D00C02270 /* kpreader-Info.plist */,
				5F5A49111489436D00C02270 /* InfoPlist.strings */,
				5F5A49141489436D00C02270 /* main.m */,
				5F5A49161489436D00C02270 /* kpreader-Prefix.pch */,
			);
			name = "Supporting Files";
			sourceTree = "<group>";
		};
/* End PBXGroup section */

/* Begin PBXNativeTarget section */
		5F5A49031489436D00C02270 /* kpreader */ = {
			isa = PBXNativeTarget;
			buildConfigurationList = 5F5A49371489436D00C02270 /* Build configuration list for PBXNativeTarget "kpreader" */;
			buildPhases = (
				5F5A49001489436D00C02270 /* Sources */,
				5F5A49011489436D00C02270 /* Frameworks */,
				5F5A49021489436D00C02270 /* Resources */,
			);
			buildRules = (
			);
			dependencies = (
			);
			name = kpreader;
			productName = kpreader;
			productReference = 5F5A49041489436D00C02270 /* kpreader.app */;
			productType = "com.apple.product-type.application";
		};
/* End PBXNativeTarget section */

/* Begin PBXProject section */
		5F5A48FB1489436D00C02270 /* Project object */ = {
			isa = PBXProject;
			attributes = {
				LastUpgradeCheck = 0420;
				ORGANIZATIONNAME = "Rimes Media";
			};
			buildConfigurationList = 5F5A48FE1489436D00C02270 /* Build configuration list for PBXProject "kpreader" */;
			compatibilityVersion = "Xcode 3.2";
			developmentRegion = English;
			hasScannedForEncodings = 0;
			knownRegions = (
				en,
			);
			mainGroup = 5F5A48F91489436D00C02270;
			productRefGroup = 5F5A49051489436D00C02270 /* Products */;
			projectDirPath = "";
			projectRoot = "";
			targets = (
				5F5A49031489436D00C02270 /* kpreader */,
			);
		};
/* End PBXProject section */

/* Begin PBXResourcesBuildPhase section */
		5F5A49021489436D00C02270 /* Resources */ = {
			isa = PBXResourcesBuildPhase;
			buildActionMask = 2147483647;
			files = (
				5F5A49131489436D00C02270 /* InfoPlist.strings in Resources */,
				5F5A491C1489436D00C02270 /* MainStoryboard.storyboard in Resources */,
				5F526AB3148955A900AD6704 /* zbar-back.png in Resources */,
				5F526AB4148955A900AD6704 /* zbar-help.html in Resources */,
				5F526AB5148955A900AD6704 /* zbar-helpicons.png in Resources */,
				5F526AB6148955A900AD6704 /* zbar-samples.png in Resources */,
			);
			runOnlyForDeploymentPostprocessing = 0;
		};
/* End PBXResourcesBuildPhase section */

/* Begin PBXSourcesBuildPhase section */
		5F5A49001489436D00C02270 /* Sources */ = {
			isa = PBXSourcesBuildPhase;
			buildActionMask = 2147483647;
			files = (
				5F5A49151489436D00C02270 /* main.m in Sources */,
				5F5A49191489436D00C02270 /* AppDelegate.m in Sources */,
				5F5A491F1489436D00C02270 /* ScanViewController.m in Sources */,
				5F0FFA87148D31CC0002EB8D /* DIOSComment.m in Sources */,
				5F0FFA88148D31CC0002EB8D /* DIOSConnect.m in Sources */,
				5F0FFA89148D31CC0002EB8D /* DIOSFile.m in Sources */,
				5F0FFA8A148D31CC0002EB8D /* DIOSNode.m in Sources */,
				5F0FFA8B148D31CC0002EB8D /* DIOSTaxonomy.m in Sources */,
				5F0FFA8C148D31CC0002EB8D /* DIOSUser.m in Sources */,
				5F0FFA8D148D31CC0002EB8D /* DIOSViews.m in Sources */,
				5F0FFA8E148D31CC0002EB8D /* NSData+Base64.m in Sources */,
				5F0FFAA3148D51AA0002EB8D /* ASIAuthenticationDialog.m in Sources */,
				5F0FFAA4148D51AA0002EB8D /* ASIDataCompressor.m in Sources */,
				5F0FFAA5148D51AA0002EB8D /* ASIDataDecompressor.m in Sources */,
				5F0FFAA6148D51AA0002EB8D /* ASIDownloadCache.m in Sources */,
				5F0FFAA8148D51AA0002EB8D /* ASIHTTPRequest.m in Sources */,
				5F0FFAA9148D51AA0002EB8D /* ASIInputStream.m in Sources */,
				5F0FFAAA148D51AA0002EB8D /* ASINetworkQueue.m in Sources */,
				5F0FFAB9148D60110002EB8D /* Reachability.m in Sources */,
			);
			runOnlyForDeploymentPostprocessing = 0;
		};
/* End PBXSourcesBuildPhase section */

/* Begin PBXVariantGroup section */
		5F5A49111489436D00C02270 /* InfoPlist.strings */ = {
			isa = PBXVariantGroup;
			children = (
				5F5A49121489436D00C02270 /* en */,
			);
			name = InfoPlist.strings;
			sourceTree = "<group>";
		};
		5F5A491A1489436D00C02270 /* MainStoryboard.storyboard */ = {
			isa = PBXVariantGroup;
			children = (
				5F5A491B1489436D00C02270 /* en */,
			);
			name = MainStoryboard.storyboard;
			sourceTree = "<group>";
		};
/* End PBXVariantGroup section */

/* Begin XCBuildConfiguration section */
		5F5A49351489436D00C02270 /* Debug */ = {
			isa = XCBuildConfiguration;
			buildSettings = {
				"ALTERNATE_PERMISSIONS_FILES[sdk=*]" = "";
				ALWAYS_SEARCH_USER_PATHS = NO;
				ARCHS = "$(ARCHS_STANDARD_32_BIT)";
				CLANG_ENABLE_OBJC_ARC = YES;
				COPY_PHASE_STRIP = NO;
				GCC_C_LANGUAGE_STANDARD = gnu99;
				GCC_DYNAMIC_NO_PIC = NO;
				GCC_OPTIMIZATION_LEVEL = 0;
				GCC_PREPROCESSOR_DEFINITIONS = (
					"DEBUG=1",
					"$(inherited)",
				);
				GCC_SYMBOLS_PRIVATE_EXTERN = NO;
				GCC_VERSION = com.apple.compilers.llvm.clang.1_0;
				GCC_WARN_ABOUT_MISSING_PROTOTYPES = YES;
				GCC_WARN_ABOUT_RETURN_TYPE = YES;
				GCC_WARN_UNUSED_VARIABLE = YES;
				IPHONEOS_DEPLOYMENT_TARGET = 5.0;
				SDKROOT = iphoneos;
			};
			name = Debug;
		};
		5F5A49361489436D00C02270 /* Release */ = {
			isa = XCBuildConfiguration;
			buildSettings = {
				ALWAYS_SEARCH_USER_PATHS = NO;
				ARCHS = "$(ARCHS_STANDARD_32_BIT)";
				CLANG_ENABLE_OBJC_ARC = YES;
				"CODE_SIGN_ENTITLEMENTS[sdk=iphoneos5.0]" = "";
				"CODE_SIGN_IDENTITY[sdk=iphoneos5.0]" = "iPhone Developer";
				COPY_PHASE_STRIP = YES;
				GCC_C_LANGUAGE_STANDARD = gnu99;
				GCC_VERSION = com.apple.compilers.llvm.clang.1_0;
				GCC_WARN_ABOUT_MISSING_PROTOTYPES = YES;
				GCC_WARN_ABOUT_RETURN_TYPE = YES;
				GCC_WARN_UNUSED_VARIABLE = YES;
				IPHONEOS_DEPLOYMENT_TARGET = 5.0;
				OTHER_CFLAGS = "-DNS_BLOCK_ASSERTIONS=1";
				SDKROOT = iphoneos;
				VALIDATE_PRODUCT = YES;
			};
			name = Release;
		};
		5F5A49381489436D00C02270 /* Debug */ = {
			isa = XCBuildConfiguration;
			buildSettings = {
				CODE_SIGN_IDENTITY = "iPhone Distribution: Todd RIMES";
				GCC_PRECOMPILE_PREFIX_HEADER = YES;
				GCC_PREFIX_HEADER = "kpreader/kpreader-Prefix.pch";
				INFOPLIST_FILE = "kpreader/kpreader-Info.plist";
				IPHONEOS_DEPLOYMENT_TARGET = 5.0;
				LIBRARY_SEARCH_PATHS = (
					"$(inherited)",
					"\"$(SRCROOT)/ZBarSDK\"",
				);
				PRODUCT_NAME = "$(TARGET_NAME)";
				PROVISIONING_PROFILE = "DBFB2ABE-8392-4A67-A499-E141850C6F1B";
				TARGETED_DEVICE_FAMILY = 1;
				WRAPPER_EXTENSION = app;
			};
			name = Debug;
		};
		5F5A49391489436D00C02270 /* Release */ = {
			isa = XCBuildConfiguration;
			buildSettings = {
				CODE_SIGN_IDENTITY = "iPhone Distribution: Todd RIMES";
				"CODE_SIGN_IDENTITY[sdk=iphoneos5.0]" = "iPhone Distribution: Todd RIMES";
				GCC_PRECOMPILE_PREFIX_HEADER = YES;
				GCC_PREFIX_HEADER = "kpreader/kpreader-Prefix.pch";
				INFOPLIST_FILE = "kpreader/kpreader-Info.plist";
				IPHONEOS_DEPLOYMENT_TARGET = 5.0;
				LIBRARY_SEARCH_PATHS = (
					"$(inherited)",
					"\"$(SRCROOT)/ZBarSDK\"",
				);
				PRODUCT_NAME = "$(TARGET_NAME)";
				PROVISIONING_PROFILE = "DBFB2ABE-8392-4A67-A499-E141850C6F1B";
				"PROVISIONING_PROFILE[sdk=iphoneos5.0]" = "DBFB2ABE-8392-4A67-A499-E141850C6F1B";
				TARGETED_DEVICE_FAMILY = 1;
				WRAPPER_EXTENSION = app;
			};
			name = Release;
		};
/* End XCBuildConfiguration section */

/* Begin XCConfigurationList section */
		5F5A48FE1489436D00C02270 /* Build configuration list for PBXProject "kpreader" */ = {
			isa = XCConfigurationList;
			buildConfigurations = (
				5F5A49351489436D00C02270 /* Debug */,
				5F5A49361489436D00C02270 /* Release */,
			);
			defaultConfigurationIsVisible = 0;
			defaultConfigurationName = Release;
		};
		5F5A49371489436D00C02270 /* Build configuration list for PBXNativeTarget "kpreader" */ = {
			isa = XCConfigurationList;
			buildConfigurations = (
				5F5A49381489436D00C02270 /* Debug */,
				5F5A49391489436D00C02270 /* Release */,
			);
			defaultConfigurationIsVisible = 0;
			defaultConfigurationName = Release;
		};
/* End XCConfigurationList section */
	};
	rootObject = 5F5A48FB1489436D00C02270 /* Project object */;
}
